#
# This file is autogenerated by pip-compile with Python 3.14
# by the following command:
#
#    pip-compile --output-file=requirements.lock requirements.txt
#
anyio==4.13.0
    # via httpx
certifi==2026.2.25
    # via
    #   httpcore
    #   httpx
    #   requests
charset-normalizer==3.4.7
    # via requests
h11==0.16.0
    # via httpcore
httpcore==1.0.9
    # via httpx
httpx==0.28.1
    # via -r requirements.txt
idna==3.11
    # via
    #   anyio
    #   httpx
    #   requests
linkify-it-py==2.1.0
    # via markdown-it-py
markdown-it-py[linkify,plugins]==4.0.0
    # via
    #   mdit-py-plugins
    #   rich
    #   textual
mdit-py-plugins==0.5.0
    # via markdown-it-py
mdurl==0.1.2
    # via markdown-it-py
platformdirs==4.9.6
    # via textual
praw==7.8.1
    # via -r requirements.txt
prawcore==2.4.0
    # via praw
pygments==2.20.0
    # via rich
python-dotenv==1.2.2
    # via -r requirements.txt
requests==2.33.1
    # via
    #   prawcore
    #   update-checker
rich==15.0.0
    # via textual
tenacity==8.5.0
    # via -r requirements.txt
textual==0.89.1
    # via -r requirements.txt
typing-extensions==4.15.0
    # via textual
uc-micro-py==2.0.0
    # via linkify-it-py
update-checker==0.18.0
    # via praw
urllib3==2.6.3
    # via requests
websocket-client==1.9.0
    # via praw
